
Microsoft Visual Studio Solution File, Format Version 12.00
# Visual Studio 15
VisualStudioVersion = 15.0.27703.2047
MinimumVisualStudioVersion = 10.0.40219.1
Project("{FAE04EC0-301F-11D3-BF4B-00C04F79EFBC}") = "Avida.ServiceBus.Libraries", "Avida.ServiceBus.Libraries\Avida.ServiceBus.Libraries.csproj", "{C23AFBC8-D418-452B-BC8C-9CCEDFC4E2E9}"
EndProject
Global
	GlobalSection(SolutionConfigurationPlatforms) = preSolution
		Debug|Any CPU = Debug|Any CPU
		Release|Any CPU = Release|Any CPU
	EndGlobalSection
	GlobalSection(ProjectConfigurationPlatforms) = postSolution
		{C23AFBC8-D418-452B-BC8C-9CCEDFC4E2E9}.Debug|Any CPU.ActiveCfg = Debug|Any CPU
		{C23AFBC8-D418-452B-BC8C-9CCEDFC4E2E9}.Debug|Any CPU.Build.0 = Debug|Any CPU
		{C23AFBC8-D418-452B-BC8C-9CCEDFC4E2E9}.Release|Any CPU.ActiveCfg = Release|Any CPU
		{C23AFBC8-D418-452B-BC8C-9CCEDFC4E2E9}.Release|Any CPU.Build.0 = Release|Any CPU
	EndGlobalSection
	GlobalSection(SolutionProperties) = preSolution
		HideSolutionNode = FALSE
	EndGlobalSection
	GlobalSection(ExtensibilityGlobals) = postSolution
		SolutionGuid = {403C321E-93E4-4F54-AAC7-D8F6E1352C52}
	EndGlobalSection
EndGlobal
